
Microsoft Visual Studio Solution File, Format Version 12.00
# Visual Studio Version 16
VisualStudioVersion = 16.0.30413.136
MinimumVisualStudioVersion = 10.0.40219.1
Project("{FAE04EC0-301F-11D3-BF4B-00C04F79EFBC}") = "Basic", "Basic\Basic.csproj", "{EAA53E33-684E-4823-A41A-DD3E438BFD3B}"
EndProject
Global
	GlobalSection(SolutionConfigurationPlatforms) = preSolution
		Debug|Any CPU = Debug|Any CPU
		Release|Any CPU = Release|Any CPU
	EndGlobalSection
	GlobalSection(ProjectConfigurationPlatforms) = postSolution
		{EAA53E33-684E-4823-A41A-DD3E438BFD3B}.Debug|Any CPU.ActiveCfg = Debug|Any CPU
		{EAA53E33-684E-4823-A41A-DD3E438BFD3B}.Debug|Any CPU.Build.0 = Debug|Any CPU
		{EAA53E33-684E-4823-A41A-DD3E438BFD3B}.Release|Any CPU.ActiveCfg = Release|Any CPU
		{EAA53E33-684E-4823-A41A-DD3E438BFD3B}.Release|Any CPU.Build.0 = Release|Any CPU
	EndGlobalSection
	GlobalSection(SolutionProperties) = preSolution
		HideSolutionNode = FALSE
	EndGlobalSection
	GlobalSection(ExtensibilityGlobals) = postSolution
		SolutionGuid = {E2BDC130-AA22-409E-8AD1-9AF25C22E43A}
	EndGlobalSection
EndGlobal
